// !$*UTF8*$!
{
	archiveVersion = 1;
	classes = {
	};
	objectVersion = 56;
	objects = {

/* Begin PBXBuildFile section */
		EE48F8C428F84B5000D679D4 /* SwiftUIAlamofireApp.swift in Sources */ = {isa = PBXBuildFile; fileRef = EE48F8C328F84B5000D679D4 /* SwiftUIAlamofireApp.swift */; };
		EE48F8C628F84B5000D679D4 /* ContentView.swift in Sources */ = {isa = PBXBuildFile; fileRef = EE48F8C528F84B5000D679D4 /* ContentView.swift */; };
		EE48F8C828F84B5100D679D4 /* Assets.xcassets in Resources */ = {isa = PBXBuildFile; fileRef = EE48F8C728F84B5100D679D4 /* Assets.xcassets */; };
		EE48F8CB28F84B5100D679D4 /* Preview Assets.xcassets in Resources */ = {isa = PBXBuildFile; fileRef = EE48F8CA28F84B5100D679D4 /* Preview Assets.xcassets */; };
		EE48F8D728F84CBB00D679D4 /* RandomFoxView.swift in Sources */ = {isa = PBXBuildFile; fileRef = EE48F8D628F84CBB00D679D4 /* RandomFoxView.swift */; };
		EE48F8DA28F84E2900D679D4 /* Kingfisher in Frameworks */ = {isa = PBXBuildFile; productRef = EE48F8D928F84E2900D679D4 /* Kingfisher */; };
		EE48F8DC28F84EF700D679D4 /* FoxModel.swift in Sources */ = {isa = PBXBuildFile; fileRef = EE48F8DB28F84EF700D679D4 /* FoxModel.swift */; };
		EE48F8DE28F84F7800D679D4 /* FoxService.swift in Sources */ = {isa = PBXBuildFile; fileRef = EE48F8DD28F84F7800D679D4 /* FoxService.swift */; };
		EE48F8E128F84FC000D679D4 /* Alamofire in Frameworks */ = {isa = PBXBuildFile; productRef = EE48F8E028F84FC000D679D4 /* Alamofire */; };
		EE48F8E328F8526500D679D4 /* FoxViewModel.swift in Sources */ = {isa = PBXBuildFile; fileRef = EE48F8E228F8526500D679D4 /* FoxViewModel.swift */; };
		EED367B128F858EC0000FD58 /* SwiftUIView.swift in Sources */ = {isa = PBXBuildFile; fileRef = EED367B028F858EC0000FD58 /* SwiftUIView.swift */; };
/* End PBXBuildFile section */

/* Begin PBXFileReference section */
		EE48F8C028F84B5000D679D4 /* SwiftUIAlamofire.app */ = {isa = PBXFileReference; explicitFileType = wrapper.application; includeInIndex = 0; path = SwiftUIAlamofire.app; sourceTree = BUILT_PRODUCTS_DIR; };
		EE48F8C328F84B5000D679D4 /* SwiftUIAlamofireApp.swift */ = {isa = PBXFileReference; lastKnownFileType = sourcecode.swift; path = SwiftUIAlamofireApp.swift; sourceTree = "<group>"; };
		EE48F8C528F84B5000D679D4 /* ContentView.swift */ = {isa = PBXFileReference; lastKnownFileType = sourcecode.swift; path = ContentView.swift; sourceTree = "<group>"; };
		EE48F8C728F84B5100D679D4 /* Assets.xcassets */ = {isa = PBXFileReference; lastKnownFileType = folder.assetcatalog; path = Assets.xcassets; sourceTree = "<group>"; };
		EE48F8CA28F84B5100D679D4 /* Preview Assets.xcassets */ = {isa = PBXFileReference; lastKnownFileType = folder.assetcatalog; path = "Preview Assets.xcassets"; sourceTree = "<group>"; };
		EE48F8D628F84CBB00D679D4 /* RandomFoxView.swift */ = {isa = PBXFileReference; lastKnownFileType = sourcecode.swift; path = RandomFoxView.swift; sourceTree = "<group>"; };
		EE48F8DB28F84EF700D679D4 /* FoxModel.swift */ = {isa = PBXFileReference; lastKnownFileType = sourcecode.swift; path = FoxModel.swift; sourceTree = "<group>"; };
		EE48F8DD28F84F7800D679D4 /* FoxService.swift */ = {isa = PBXFileReference; lastKnownFileType = sourcecode.swift; path = FoxService.swift; sourceTree = "<group>"; };
		EE48F8E228F8526500D679D4 /* FoxViewModel.swift */ = {isa = PBXFileReference; lastKnownFileType = sourcecode.swift; path = FoxViewModel.swift; sourceTree = "<group>"; };
		EED367B028F858EC0000FD58 /* SwiftUIView.swift */ = {isa = PBXFileReference; lastKnownFileType = sourcecode.swift; path = SwiftUIView.swift; sourceTree = "<group>"; };
/* End PBXFileReference section */

/* Begin PBXFrameworksBuildPhase section */
		EE48F8BD28F84B5000D679D4 /* Frameworks */ = {
			isa = PBXFrameworksBuildPhase;
			buildActionMask = 2147483647;
			files = (
				EE48F8DA28F84E2900D679D4 /* Kingfisher in Frameworks */,
				EE48F8E128F84FC000D679D4 /* Alamofire in Frameworks */,
			);
			runOnlyForDeploymentPostprocessing = 0;
		};
/* End PBXFrameworksBuildPhase section */

/* Begin PBXGroup section */
		EE48F8B728F84B5000D679D4 = {
			isa = PBXGroup;
			children = (
				EE48F8C228F84B5000D679D4 /* SwiftUIAlamofire */,
				EE48F8C128F84B5000D679D4 /* Products */,
			);
			sourceTree = "<group>";
		};
		EE48F8C128F84B5000D679D4 /* Products */ = {
			isa = PBXGroup;
			children = (
				EE48F8C028F84B5000D679D4 /* SwiftUIAlamofire.app */,
			);
			name = Products;
			sourceTree = "<group>";
		};
		EE48F8C228F84B5000D679D4 /* SwiftUIAlamofire */ = {
			isa = PBXGroup;
			children = (
				EE48F8D128F84C3000D679D4 /* FoxViewModel */,
				EE48F8C328F84B5000D679D4 /* SwiftUIAlamofireApp.swift */,
				EE48F8C528F84B5000D679D4 /* ContentView.swift */,
				EE48F8C728F84B5100D679D4 /* Assets.xcassets */,
				EE48F8C928F84B5100D679D4 /* Preview Content */,
			);
			path = SwiftUIAlamofire;
			sourceTree = "<group>";
		};
		EE48F8C928F84B5100D679D4 /* Preview Content */ = {
			isa = PBXGroup;
			children = (
				EE48F8CA28F84B5100D679D4 /* Preview Assets.xcassets */,
			);
			path = "Preview Content";
			sourceTree = "<group>";
		};
		EE48F8D128F84C3000D679D4 /* FoxViewModel */ = {
			isa = PBXGroup;
			children = (
				EE48F8D528F84C7300D679D4 /* Model */,
				EE48F8D428F84C6A00D679D4 /* Service */,
				EE48F8D328F84C6000D679D4 /* ViewModel */,
				EE48F8D228F84C5400D679D4 /* View */,
			);
			path = FoxViewModel;
			sourceTree = "<group>";
		};
		EE48F8D228F84C5400D679D4 /* View */ = {
			isa = PBXGroup;
			children = (
				EE48F8D628F84CBB00D679D4 /* RandomFoxView.swift */,
				EED367B028F858EC0000FD58 /* SwiftUIView.swift */,
			);
			path = View;
			sourceTree = "<group>";
		};
		EE48F8D328F84C6000D679D4 /* ViewModel */ = {
			isa = PBXGroup;
			children = (
				EE48F8E228F8526500D679D4 /* FoxViewModel.swift */,
			);
			path = ViewModel;
			sourceTree = "<group>";
		};
		EE48F8D428F84C6A00D679D4 /* Service */ = {
			isa = PBXGroup;
			children = (
				EE48F8DD28F84F7800D679D4 /* FoxService.swift */,
			);
			path = Service;
			sourceTree = "<group>";
		};
		EE48F8D528F84C7300D679D4 /* Model */ = {
			isa = PBXGroup;
			children = (
				EE48F8DB28F84EF700D679D4 /* FoxModel.swift */,
			);
			path = Model;
			sourceTree = "<group>";
		};
/* End PBXGroup section */

/* Begin PBXNativeTarget section */
		EE48F8BF28F84B5000D679D4 /* SwiftUIAlamofire */ = {
			isa = PBXNativeTarget;
			buildConfigurationList = EE48F8CE28F84B5100D679D4 /* Build configuration list for PBXNativeTarget "SwiftUIAlamofire" */;
			buildPhases = (
				EE48F8BC28F84B5000D679D4 /* Sources */,
				EE48F8BD28F84B5000D679D4 /* Frameworks */,
				EE48F8BE28F84B5000D679D4 /* Resources */,
			);
			buildRules = (
			);
			dependencies = (
			);
			name = SwiftUIAlamofire;
			packageProductDependencies = (
				EE48F8D928F84E2900D679D4 /* Kingfisher */,
				EE48F8E028F84FC000D679D4 /* Alamofire */,
			);
			productName = SwiftUIAlamofire;
			productReference = EE48F8C028F84B5000D679D4 /* SwiftUIAlamofire.app */;
			productType = "com.apple.product-type.application";
		};
/* End PBXNativeTarget section */

/* Begin PBXProject section */
		EE48F8B828F84B5000D679D4 /* Project object */ = {
			isa = PBXProject;
			attributes = {
				BuildIndependentTargetsInParallel = 1;
				LastSwiftUpdateCheck = 1400;
				LastUpgradeCheck = 1400;
				TargetAttributes = {
					EE48F8BF28F84B5000D679D4 = {
						CreatedOnToolsVersion = 14.0.1;
					};
				};
			};
			buildConfigurationList = EE48F8BB28F84B5000D679D4 /* Build configuration list for PBXProject "SwiftUIAlamofire" */;
			compatibilityVersion = "Xcode 14.0";
			developmentRegion = en;
			hasScannedForEncodings = 0;
			knownRegions = (
				en,
				Base,
			);
			mainGroup = EE48F8B728F84B5000D679D4;
			packageReferences = (
				EE48F8D828F84E2900D679D4 /* XCRemoteSwiftPackageReference "Kingfisher" */,
				EE48F8DF28F84FC000D679D4 /* XCRemoteSwiftPackageReference "Alamofire" */,
				EE48F8E428F854E600D679D4 /* XCRemoteSwiftPackageReference "NVActivityIndicatorView" */,
			);
			productRefGroup = EE48F8C128F84B5000D679D4 /* Products */;
			projectDirPath = "";
			projectRoot = "";
			targets = (
				EE48F8BF28F84B5000D679D4 /* SwiftUIAlamofire */,
			);
		};
/* End PBXProject section */

/* Begin PBXResourcesBuildPhase section */
		EE48F8BE28F84B5000D679D4 /* Resources */ = {
			isa = PBXResourcesBuildPhase;
			buildActionMask = 2147483647;
			files = (
				EE48F8CB28F84B5100D679D4 /* Preview Assets.xcassets in Resources */,
				EE48F8C828F84B5100D679D4 /* Assets.xcassets in Resources */,
			);
			runOnlyForDeploymentPostprocessing = 0;
		};
/* End PBXResourcesBuildPhase section */

/* Begin PBXSourcesBuildPhase section */
		EE48F8BC28F84B5000D679D4 /* Sources */ = {
			isa = PBXSourcesBuildPhase;
			buildActionMask = 2147483647;
			files = (
				EE48F8C628F84B5000D679D4 /* ContentView.swift in Sources */,
				EED367B128F858EC0000FD58 /* SwiftUIView.swift in Sources */,
				EE48F8DE28F84F7800D679D4 /* FoxService.swift in Sources */,
				EE48F8E328F8526500D679D4 /* FoxViewModel.swift in Sources */,
				EE48F8D728F84CBB00D679D4 /* RandomFoxView.swift in Sources */,
				EE48F8C428F84B5000D679D4 /* SwiftUIAlamofireApp.swift in Sources */,
				EE48F8DC28F84EF700D679D4 /* FoxModel.swift in Sources */,
			);
			runOnlyForDeploymentPostprocessing = 0;
		};
/* End PBXSourcesBuildPhase section */

/* Begin XCBuildConfiguration section */
		EE48F8CC28F84B5100D679D4 /* Debug */ = {
			isa = XCBuildConfiguration;
			buildSettings = {
				ALWAYS_SEARCH_USER_PATHS = NO;
				CLANG_ANALYZER_NONNULL = YES;
				CLANG_ANALYZER_NUMBER_OBJECT_CONVERSION = YES_AGGRESSIVE;
				CLANG_CXX_LANGUAGE_STANDARD = "gnu++20";
				CLANG_ENABLE_MODULES = YES;
				CLANG_ENABLE_OBJC_ARC = YES;
				CLANG_ENABLE_OBJC_WEAK = YES;
				CLANG_WARN_BLOCK_CAPTURE_AUTORELEASING = YES;
				CLANG_WARN_BOOL_CONVERSION = YES;
				CLANG_WARN_COMMA = YES;
				CLANG_WARN_CONSTANT_CONVERSION = YES;
				CLANG_WARN_DEPRECATED_OBJC_IMPLEMENTATIONS = YES;
				CLANG_WARN_DIRECT_OBJC_ISA_USAGE = YES_ERROR;
				CLANG_WARN_DOCUMENTATION_COMMENTS = YES;
				CLANG_WARN_EMPTY_BODY = YES;
				CLANG_WARN_ENUM_CONVERSION = YES;
				CLANG_WARN_INFINITE_RECURSION = YES;
				CLANG_WARN_INT_CONVERSION = YES;
				CLANG_WARN_NON_LITERAL_NULL_CONVERSION = YES;
				CLANG_WARN_OBJC_IMPLICIT_RETAIN_SELF = YES;
				CLANG_WARN_OBJC_LITERAL_CONVERSION = YES;
				CLANG_WARN_OBJC_ROOT_CLASS = YES_ERROR;
				CLANG_WARN_QUOTED_INCLUDE_IN_FRAMEWORK_HEADER = YES;
				CLANG_WARN_RANGE_LOOP_ANALYSIS = YES;
				CLANG_WARN_STRICT_PROTOTYPES = YES;
				CLANG_WARN_SUSPICIOUS_MOVE = YES;
				CLANG_WARN_UNGUARDED_AVAILABILITY = YES_AGGRESSIVE;
				CLANG_WARN_UNREACHABLE_CODE = YES;
				CLANG_WARN__DUPLICATE_METHOD_MATCH = YES;
				COPY_PHASE_STRIP = NO;
				DEBUG_INFORMATION_FORMAT = dwarf;
				ENABLE_STRICT_OBJC_MSGSEND = YES;
				ENABLE_TESTABILITY = YES;
				GCC_C_LANGUAGE_STANDARD = gnu11;
				GCC_DYNAMIC_NO_PIC = NO;
				GCC_NO_COMMON_BLOCKS = YES;
				GCC_OPTIMIZATION_LEVEL = 0;
				GCC_PREPROCESSOR_DEFINITIONS = (
					"DEBUG=1",
					"$(inherited)",
				);
				GCC_WARN_64_TO_32_BIT_CONVERSION = YES;
				GCC_WARN_ABOUT_RETURN_TYPE = YES_ERROR;
				GCC_WARN_UNDECLARED_SELECTOR = YES;
				GCC_WARN_UNINITIALIZED_AUTOS = YES_AGGRESSIVE;
				GCC_WARN_UNUSED_FUNCTION = YES;
				GCC_WARN_UNUSED_VARIABLE = YES;
				IPHONEOS_DEPLOYMENT_TARGET = 16.0;
				MTL_ENABLE_DEBUG_INFO = INCLUDE_SOURCE;
				MTL_FAST_MATH = YES;
				ONLY_ACTIVE_ARCH = YES;
				SDKROOT = iphoneos;
				SWIFT_ACTIVE_COMPILATION_CONDITIONS = DEBUG;
				SWIFT_OPTIMIZATION_LEVEL = "-Onone";
			};
			name = Debug;
		};
		EE48F8CD28F84B5100D679D4 /* Release */ = {
			isa = XCBuildConfiguration;
			buildSettings = {
				ALWAYS_SEARCH_USER_PATHS = NO;
				CLANG_ANALYZER_NONNULL = YES;
				CLANG_ANALYZER_NUMBER_OBJECT_CONVERSION = YES_AGGRESSIVE;
				CLANG_CXX_LANGUAGE_STANDARD = "gnu++20";
				CLANG_ENABLE_MODULES = YES;
				CLANG_ENABLE_OBJC_ARC = YES;
				CLANG_ENABLE_OBJC_WEAK = YES;
				CLANG_WARN_BLOCK_CAPTURE_AUTORELEASING = YES;
				CLANG_WARN_BOOL_CONVERSION = YES;
				CLANG_WARN_COMMA = YES;
				CLANG_WARN_CONSTANT_CONVERSION = YES;
				CLANG_WARN_DEPRECATED_OBJC_IMPLEMENTATIONS = YES;
				CLANG_WARN_DIRECT_OBJC_ISA_USAGE = YES_ERROR;
				CLANG_WARN_DOCUMENTATION_COMMENTS = YES;
				CLANG_WARN_EMPTY_BODY = YES;
				CLANG_WARN_ENUM_CONVERSION = YES;
				CLANG_WARN_INFINITE_RECURSION = YES;
				CLANG_WARN_INT_CONVERSION = YES;
				CLANG_WARN_NON_LITERAL_NULL_CONVERSION = YES;
				CLANG_WARN_OBJC_IMPLICIT_RETAIN_SELF = YES;
				CLANG_WARN_OBJC_LITERAL_CONVERSION = YES;
				CLANG_WARN_OBJC_ROOT_CLASS = YES_ERROR;
				CLANG_WARN_QUOTED_INCLUDE_IN_FRAMEWORK_HEADER = YES;
				CLANG_WARN_RANGE_LOOP_ANALYSIS = YES;
				CLANG_WARN_STRICT_PROTOTYPES = YES;
				CLANG_WARN_SUSPICIOUS_MOVE = YES;
				CLANG_WARN_UNGUARDED_AVAILABILITY = YES_AGGRESSIVE;
				CLANG_WARN_UNREACHABLE_CODE = YES;
				CLANG_WARN__DUPLICATE_METHOD_MATCH = YES;
				COPY_PHASE_STRIP = NO;
				DEBUG_INFORMATION_FORMAT = "dwarf-with-dsym";
				ENABLE_NS_ASSERTIONS = NO;
				ENABLE_STRICT_OBJC_MSGSEND = YES;
				GCC_C_LANGUAGE_STANDARD = gnu11;
				GCC_NO_COMMON_BLOCKS = YES;
				GCC_WARN_64_TO_32_BIT_CONVERSION = YES;
				GCC_WARN_ABOUT_RETURN_TYPE = YES_ERROR;
				GCC_WARN_UNDECLARED_SELECTOR = YES;
				GCC_WARN_UNINITIALIZED_AUTOS = YES_AGGRESSIVE;
				GCC_WARN_UNUSED_FUNCTION = YES;
				GCC_WARN_UNUSED_VARIABLE = YES;
				IPHONEOS_DEPLOYMENT_TARGET = 16.0;
				MTL_ENABLE_DEBUG_INFO = NO;
				MTL_FAST_MATH = YES;
				SDKROOT = iphoneos;
				SWIFT_COMPILATION_MODE = wholemodule;
				SWIFT_OPTIMIZATION_LEVEL = "-O";
				VALIDATE_PRODUCT = YES;
			};
			name = Release;
		};
		EE48F8CF28F84B5100D679D4 /* Debug */ = {
			isa = XCBuildConfiguration;
			buildSettings = {
				ASSETCATALOG_COMPILER_APPICON_NAME = AppIcon;
				ASSETCATALOG_COMPILER_GLOBAL_ACCENT_COLOR_NAME = AccentColor;
				CODE_SIGN_STYLE = Automatic;
				CURRENT_PROJECT_VERSION = 1;
				DEVELOPMENT_ASSET_PATHS = "\"SwiftUIAlamofire/Preview Content\"";
				DEVELOPMENT_TEAM = 4D4T6WY646;
				ENABLE_PREVIEWS = YES;
				GENERATE_INFOPLIST_FILE = YES;
				INFOPLIST_KEY_UIApplicationSceneManifest_Generation = YES;
				INFOPLIST_KEY_UIApplicationSupportsIndirectInputEvents = YES;
				INFOPLIST_KEY_UILaunchScreen_Generation = YES;
				INFOPLIST_KEY_UISupportedInterfaceOrientations_iPad = "UIInterfaceOrientationPortrait UIInterfaceOrientationPortraitUpsideDown UIInterfaceOrientationLandscapeLeft UIInterfaceOrientationLandscapeRight";
				INFOPLIST_KEY_UISupportedInterfaceOrientations_iPhone = "UIInterfaceOrientationPortrait UIInterfaceOrientationLandscapeLeft UIInterfaceOrientationLandscapeRight";
				LD_RUNPATH_SEARCH_PATHS = (
					"$(inherited)",
					"@executable_path/Frameworks",
				);
				MARKETING_VERSION = 1.0;
				PRODUCT_BUNDLE_IDENTIFIER = com.tokeryazilim.SwiftUIAlamofire;
				PRODUCT_NAME = "$(TARGET_NAME)";
				SWIFT_EMIT_LOC_STRINGS = YES;
				SWIFT_VERSION = 5.0;
				TARGETED_DEVICE_FAMILY = "1,2";
			};
			name = Debug;
		};
		EE48F8D028F84B5100D679D4 /* Release */ = {
			isa = XCBuildConfiguration;
			buildSettings = {
				ASSETCATALOG_COMPILER_APPICON_NAME = AppIcon;
				ASSETCATALOG_COMPILER_GLOBAL_ACCENT_COLOR_NAME = AccentColor;
				CODE_SIGN_STYLE = Automatic;
				CURRENT_PROJECT_VERSION = 1;
				DEVELOPMENT_ASSET_PATHS = "\"SwiftUIAlamofire/Preview Content\"";
				DEVELOPMENT_TEAM = 4D4T6WY646;
				ENABLE_PREVIEWS = YES;
				GENERATE_INFOPLIST_FILE = YES;
				INFOPLIST_KEY_UIApplicationSceneManifest_Generation = YES;
				INFOPLIST_KEY_UIApplicationSupportsIndirectInputEvents = YES;
				INFOPLIST_KEY_UILaunchScreen_Generation = YES;
				INFOPLIST_KEY_UISupportedInterfaceOrientations_iPad = "UIInterfaceOrientationPortrait UIInterfaceOrientationPortraitUpsideDown UIInterfaceOrientationLandscapeLeft UIInterfaceOrientationLandscapeRight";
				INFOPLIST_KEY_UISupportedInterfaceOrientations_iPhone = "UIInterfaceOrientationPortrait UIInterfaceOrientationLandscapeLeft UIInterfaceOrientationLandscapeRight";
				LD_RUNPATH_SEARCH_PATHS = (
					"$(inherited)",
					"@executable_path/Frameworks",
				);
				MARKETING_VERSION = 1.0;
				PRODUCT_BUNDLE_IDENTIFIER = com.tokeryazilim.SwiftUIAlamofire;
				PRODUCT_NAME = "$(TARGET_NAME)";
				SWIFT_EMIT_LOC_STRINGS = YES;
				SWIFT_VERSION = 5.0;
				TARGETED_DEVICE_FAMILY = "1,2";
			};
			name = Release;
		};
/* End XCBuildConfiguration section */

/* Begin XCConfigurationList section */
		EE48F8BB28F84B5000D679D4 /* Build configuration list for PBXProject "SwiftUIAlamofire" */ = {
			isa = XCConfigurationList;
			buildConfigurations = (
				EE48F8CC28F84B5100D679D4 /* Debug */,
				EE48F8CD28F84B5100D679D4 /* Release */,
			);
			defaultConfigurationIsVisible = 0;
			defaultConfigurationName = Release;
		};
		EE48F8CE28F84B5100D679D4 /* Build configuration list for PBXNativeTarget "SwiftUIAlamofire" */ = {
			isa = XCConfigurationList;
			buildConfigurations = (
				EE48F8CF28F84B5100D679D4 /* Debug */,
				EE48F8D028F84B5100D679D4 /* Release */,
			);
			defaultConfigurationIsVisible = 0;
			defaultConfigurationName = Release;
		};
/* End XCConfigurationList section */

/* Begin XCRemoteSwiftPackageReference section */
		EE48F8D828F84E2900D679D4 /* XCRemoteSwiftPackageReference "Kingfisher" */ = {
			isa = XCRemoteSwiftPackageReference;
			repositoryURL = "https://github.com/onevcat/Kingfisher.git";
			requirement = {
				branch = master;
				kind = branch;
			};
		};
		EE48F8DF28F84FC000D679D4 /* XCRemoteSwiftPackageReference "Alamofire" */ = {
			isa = XCRemoteSwiftPackageReference;
			repositoryURL = "https://github.com/Alamofire/Alamofire";
			requirement = {
				branch = master;
				kind = branch;
			};
		};
		EE48F8E428F854E600D679D4 /* XCRemoteSwiftPackageReference "NVActivityIndicatorView" */ = {
			isa = XCRemoteSwiftPackageReference;
			repositoryURL = "https://github.com/ninjaprox/NVActivityIndicatorView";
			requirement = {
				kind = upToNextMajorVersion;
				minimumVersion = 5.0.0;
			};
		};
/* End XCRemoteSwiftPackageReference section */

/* Begin XCSwiftPackageProductDependency section */
		EE48F8D928F84E2900D679D4 /* Kingfisher */ = {
			isa = XCSwiftPackageProductDependency;
			package = EE48F8D828F84E2900D679D4 /* XCRemoteSwiftPackageReference "Kingfisher" */;
			productName = Kingfisher;
		};
		EE48F8E028F84FC000D679D4 /* Alamofire */ = {
			isa = XCSwiftPackageProductDependency;
			package = EE48F8DF28F84FC000D679D4 /* XCRemoteSwiftPackageReference "Alamofire" */;
			productName = Alamofire;
		};
/* End XCSwiftPackageProductDependency section */
	};
	rootObject = EE48F8B828F84B5000D679D4 /* Project object */;
}
